// !$*UTF8*$!
{
	archiveVersion = 1;
	classes = {
	};
	objectVersion = 50;
	objects = {

/* Begin PBXBuildFile section */
		6A74866A243AEFB200D89B3D /* AppDelegate.swift in Sources */ = {isa = PBXBuildFile; fileRef = 6A748669243AEFB200D89B3D /* AppDelegate.swift */; };
		6A74866C243AEFB200D89B3D /* SceneDelegate.swift in Sources */ = {isa = PBXBuildFile; fileRef = 6A74866B243AEFB200D89B3D /* SceneDelegate.swift */; };
		6A74866E243AEFB200D89B3D /* MasterViewController.swift in Sources */ = {isa = PBXBuildFile; fileRef = 6A74866D243AEFB200D89B3D /* MasterViewController.swift */; };
		6A748671243AEFB200D89B3D /* Main.storyboard in Resources */ = {isa = PBXBuildFile; fileRef = 6A74866F243AEFB200D89B3D /* Main.storyboard */; };
		6A748673243AEFB300D89B3D /* Assets.xcassets in Resources */ = {isa = PBXBuildFile; fileRef = 6A748672243AEFB300D89B3D /* Assets.xcassets */; };
		6A748676243AEFB300D89B3D /* LaunchScreen.storyboard in Resources */ = {isa = PBXBuildFile; fileRef = 6A748674243AEFB300D89B3D /* LaunchScreen.storyboard */; };
		6A748681243AEFB300D89B3D /* ToDoProjectTests.swift in Sources */ = {isa = PBXBuildFile; fileRef = 6A748680243AEFB300D89B3D /* ToDoProjectTests.swift */; };
		6A74868F243B48BD00D89B3D /* ToDoManagerViewController.swift in Sources */ = {isa = PBXBuildFile; fileRef = 6A74868E243B48BD00D89B3D /* ToDoManagerViewController.swift */; };
		6A748695243B5C5800D89B3D /* ToDoTableViewCell.swift in Sources */ = {isa = PBXBuildFile; fileRef = 6A748694243B5C5800D89B3D /* ToDoTableViewCell.swift */; };
		6A748697243B5FF900D89B3D /* ToDoTableView.swift in Sources */ = {isa = PBXBuildFile; fileRef = 6A748696243B5FF900D89B3D /* ToDoTableView.swift */; };
		6A748699243B615C00D89B3D /* ToDoTableViewDataSource.swift in Sources */ = {isa = PBXBuildFile; fileRef = 6A748698243B615C00D89B3D /* ToDoTableViewDataSource.swift */; };
		6A820540243F0D340057780D /* DataManager.swift in Sources */ = {isa = PBXBuildFile; fileRef = 6A82053F243F0D340057780D /* DataManager.swift */; };
		6A820542243F0D9D0057780D /* ToDoCardInfo.swift in Sources */ = {isa = PBXBuildFile; fileRef = 6A820541243F0D9D0057780D /* ToDoCardInfo.swift */; };
/* End PBXBuildFile section */

/* Begin PBXContainerItemProxy section */
		6A74867D243AEFB300D89B3D /* PBXContainerItemProxy */ = {
			isa = PBXContainerItemProxy;
			containerPortal = 6A74865E243AEFB200D89B3D /* Project object */;
			proxyType = 1;
			remoteGlobalIDString = 6A748665243AEFB200D89B3D;
			remoteInfo = ToDoProject;
		};
/* End PBXContainerItemProxy section */

/* Begin PBXFileReference section */
		6A748666243AEFB200D89B3D /* ToDoProject.app */ = {isa = PBXFileReference; explicitFileType = wrapper.application; includeInIndex = 0; path = ToDoProject.app; sourceTree = BUILT_PRODUCTS_DIR; };
		6A748669243AEFB200D89B3D /* AppDelegate.swift */ = {isa = PBXFileReference; lastKnownFileType = sourcecode.swift; path = AppDelegate.swift; sourceTree = "<group>"; };
		6A74866B243AEFB200D89B3D /* SceneDelegate.swift */ = {isa = PBXFileReference; lastKnownFileType = sourcecode.swift; path = SceneDelegate.swift; sourceTree = "<group>"; };
		6A74866D243AEFB200D89B3D /* MasterViewController.swift */ = {isa = PBXFileReference; lastKnownFileType = sourcecode.swift; path = MasterViewController.swift; sourceTree = "<group>"; };
		6A748670243AEFB200D89B3D /* Base */ = {isa = PBXFileReference; lastKnownFileType = file.storyboard; name = Base; path = Base.lproj/Main.storyboard; sourceTree = "<group>"; };
		6A748672243AEFB300D89B3D /* Assets.xcassets */ = {isa = PBXFileReference; lastKnownFileType = folder.assetcatalog; path = Assets.xcassets; sourceTree = "<group>"; };
		6A748675243AEFB300D89B3D /* Base */ = {isa = PBXFileReference; lastKnownFileType = file.storyboard; name = Base; path = Base.lproj/LaunchScreen.storyboard; sourceTree = "<group>"; };
		6A748677243AEFB300D89B3D /* Info.plist */ = {isa = PBXFileReference; lastKnownFileType = text.plist.xml; path = Info.plist; sourceTree = "<group>"; };
		6A74867C243AEFB300D89B3D /* ToDoProjectTests.xctest */ = {isa = PBXFileReference; explicitFileType = wrapper.cfbundle; includeInIndex = 0; path = ToDoProjectTests.xctest; sourceTree = BUILT_PRODUCTS_DIR; };
		6A748680243AEFB300D89B3D /* ToDoProjectTests.swift */ = {isa = PBXFileReference; lastKnownFileType = sourcecode.swift; path = ToDoProjectTests.swift; sourceTree = "<group>"; };
		6A748682243AEFB300D89B3D /* Info.plist */ = {isa = PBXFileReference; lastKnownFileType = text.plist.xml; path = Info.plist; sourceTree = "<group>"; };
		6A74868E243B48BD00D89B3D /* ToDoManagerViewController.swift */ = {isa = PBXFileReference; lastKnownFileType = sourcecode.swift; path = ToDoManagerViewController.swift; sourceTree = "<group>"; };
		6A748694243B5C5800D89B3D /* ToDoTableViewCell.swift */ = {isa = PBXFileReference; lastKnownFileType = sourcecode.swift; path = ToDoTableViewCell.swift; sourceTree = "<group>"; };
		6A748696243B5FF900D89B3D /* ToDoTableView.swift */ = {isa = PBXFileReference; lastKnownFileType = sourcecode.swift; path = ToDoTableView.swift; sourceTree = "<group>"; };
		6A748698243B615C00D89B3D /* ToDoTableViewDataSource.swift */ = {isa = PBXFileReference; lastKnownFileType = sourcecode.swift; path = ToDoTableViewDataSource.swift; sourceTree = "<group>"; };
		6A82053F243F0D340057780D /* DataManager.swift */ = {isa = PBXFileReference; lastKnownFileType = sourcecode.swift; name = DataManager.swift; path = ToDoProject/View/DataManager.swift; sourceTree = SOURCE_ROOT; };
		6A820541243F0D9D0057780D /* ToDoCardInfo.swift */ = {isa = PBXFileReference; lastKnownFileType = sourcecode.swift; name = ToDoCardInfo.swift; path = ToDoProject/View/ToDoCardInfo.swift; sourceTree = SOURCE_ROOT; };
/* End PBXFileReference section */

/* Begin PBXFrameworksBuildPhase section */
		6A748663243AEFB200D89B3D /* Frameworks */ = {
			isa = PBXFrameworksBuildPhase;
			buildActionMask = 2147483647;
			files = (
			);
			runOnlyForDeploymentPostprocessing = 0;
		};
		6A748679243AEFB300D89B3D /* Frameworks */ = {
			isa = PBXFrameworksBuildPhase;
			buildActionMask = 2147483647;
			files = (
			);
			runOnlyForDeploymentPostprocessing = 0;
		};
/* End PBXFrameworksBuildPhase section */

/* Begin PBXGroup section */
		6A74865D243AEFB200D89B3D = {
			isa = PBXGroup;
			children = (
				6A748668243AEFB200D89B3D /* ToDoProject */,
				6A74867F243AEFB300D89B3D /* ToDoProjectTests */,
				6A748667243AEFB200D89B3D /* Products */,
			);
			sourceTree = "<group>";
		};
		6A748667243AEFB200D89B3D /* Products */ = {
			isa = PBXGroup;
			children = (
				6A748666243AEFB200D89B3D /* ToDoProject.app */,
				6A74867C243AEFB300D89B3D /* ToDoProjectTests.xctest */,
			);
			name = Products;
			sourceTree = "<group>";
		};
		6A748668243AEFB200D89B3D /* ToDoProject */ = {
			isa = PBXGroup;
			children = (
				6A74868D243B483800D89B3D /* Model */,
				6A74868C243B482600D89B3D /* ViewModel */,
				6A74868B243B481600D89B3D /* View */,
				6A748669243AEFB200D89B3D /* AppDelegate.swift */,
				6A74866B243AEFB200D89B3D /* SceneDelegate.swift */,
				6A74866F243AEFB200D89B3D /* Main.storyboard */,
				6A748672243AEFB300D89B3D /* Assets.xcassets */,
				6A748674243AEFB300D89B3D /* LaunchScreen.storyboard */,
				6A748677243AEFB300D89B3D /* Info.plist */,
			);
			path = ToDoProject;
			sourceTree = "<group>";
		};
		6A74867F243AEFB300D89B3D /* ToDoProjectTests */ = {
			isa = PBXGroup;
			children = (
				6A748680243AEFB300D89B3D /* ToDoProjectTests.swift */,
				6A748682243AEFB300D89B3D /* Info.plist */,
			);
			path = ToDoProjectTests;
			sourceTree = "<group>";
		};
		6A74868B243B481600D89B3D /* View */ = {
			isa = PBXGroup;
			children = (
				6A74866D243AEFB200D89B3D /* MasterViewController.swift */,
				6A74868E243B48BD00D89B3D /* ToDoManagerViewController.swift */,
				6A748694243B5C5800D89B3D /* ToDoTableViewCell.swift */,
				6A748696243B5FF900D89B3D /* ToDoTableView.swift */,
			);
			path = View;
			sourceTree = "<group>";
		};
		6A74868C243B482600D89B3D /* ViewModel */ = {
			isa = PBXGroup;
			children = (
				6A748698243B615C00D89B3D /* ToDoTableViewDataSource.swift */,
			);
			path = ViewModel;
			sourceTree = "<group>";
		};
		6A74868D243B483800D89B3D /* Model */ = {
			isa = PBXGroup;
			children = (
				6A82053F243F0D340057780D /* DataManager.swift */,
				6A820541243F0D9D0057780D /* ToDoCardInfo.swift */,
			);
			path = Model;
			sourceTree = "<group>";
		};
/* End PBXGroup section */

/* Begin PBXNativeTarget section */
		6A748665243AEFB200D89B3D /* ToDoProject */ = {
			isa = PBXNativeTarget;
			buildConfigurationList = 6A748685243AEFB300D89B3D /* Build configuration list for PBXNativeTarget "ToDoProject" */;
			buildPhases = (
				6A748662243AEFB200D89B3D /* Sources */,
				6A748663243AEFB200D89B3D /* Frameworks */,
				6A748664243AEFB200D89B3D /* Resources */,
			);
			buildRules = (
			);
			dependencies = (
			);
			name = ToDoProject;
			productName = ToDoProject;
			productReference = 6A748666243AEFB200D89B3D /* ToDoProject.app */;
			productType = "com.apple.product-type.application";
		};
		6A74867B243AEFB300D89B3D /* ToDoProjectTests */ = {
			isa = PBXNativeTarget;
			buildConfigurationList = 6A748688243AEFB300D89B3D /* Build configuration list for PBXNativeTarget "ToDoProjectTests" */;
			buildPhases = (
				6A748678243AEFB300D89B3D /* Sources */,
				6A748679243AEFB300D89B3D /* Frameworks */,
				6A74867A243AEFB300D89B3D /* Resources */,
			);
			buildRules = (
			);
			dependencies = (
				6A74867E243AEFB300D89B3D /* PBXTargetDependency */,
			);
			name = ToDoProjectTests;
			productName = ToDoProjectTests;
			productReference = 6A74867C243AEFB300D89B3D /* ToDoProjectTests.xctest */;
			productType = "com.apple.product-type.bundle.unit-test";
		};
/* End PBXNativeTarget section */

/* Begin PBXProject section */
		6A74865E243AEFB200D89B3D /* Project object */ = {
			isa = PBXProject;
			attributes = {
				LastSwiftUpdateCheck = 1140;
				LastUpgradeCheck = 1140;
				ORGANIZATIONNAME = "dev-Lena";
				TargetAttributes = {
					6A748665243AEFB200D89B3D = {
						CreatedOnToolsVersion = 11.4;
					};
					6A74867B243AEFB300D89B3D = {
						CreatedOnToolsVersion = 11.4;
						TestTargetID = 6A748665243AEFB200D89B3D;
					};
				};
			};
			buildConfigurationList = 6A748661243AEFB200D89B3D /* Build configuration list for PBXProject "ToDoProject" */;
			compatibilityVersion = "Xcode 9.3";
			developmentRegion = en;
			hasScannedForEncodings = 0;
			knownRegions = (
				en,
				Base,
			);
			mainGroup = 6A74865D243AEFB200D89B3D;
			productRefGroup = 6A748667243AEFB200D89B3D /* Products */;
			projectDirPath = "";
			projectRoot = "";
			targets = (
				6A748665243AEFB200D89B3D /* ToDoProject */,
				6A74867B243AEFB300D89B3D /* ToDoProjectTests */,
			);
		};
/* End PBXProject section */

/* Begin PBXResourcesBuildPhase section */
		6A748664243AEFB200D89B3D /* Resources */ = {
			isa = PBXResourcesBuildPhase;
			buildActionMask = 2147483647;
			files = (
				6A748676243AEFB300D89B3D /* LaunchScreen.storyboard in Resources */,
				6A748673243AEFB300D89B3D /* Assets.xcassets in Resources */,
				6A748671243AEFB200D89B3D /* Main.storyboard in Resources */,
			);
			runOnlyForDeploymentPostprocessing = 0;
		};
		6A74867A243AEFB300D89B3D /* Resources */ = {
			isa = PBXResourcesBuildPhase;
			buildActionMask = 2147483647;
			files = (
			);
			runOnlyForDeploymentPostprocessing = 0;
		};
/* End PBXResourcesBuildPhase section */

/* Begin PBXSourcesBuildPhase section */
		6A748662243AEFB200D89B3D /* Sources */ = {
			isa = PBXSourcesBuildPhase;
			buildActionMask = 2147483647;
			files = (
				6A74868F243B48BD00D89B3D /* ToDoManagerViewController.swift in Sources */,
				6A820540243F0D340057780D /* DataManager.swift in Sources */,
				6A74866E243AEFB200D89B3D /* MasterViewController.swift in Sources */,
				6A74866A243AEFB200D89B3D /* AppDelegate.swift in Sources */,
				6A748699243B615C00D89B3D /* ToDoTableViewDataSource.swift in Sources */,
				6A748697243B5FF900D89B3D /* ToDoTableView.swift in Sources */,
				6A74866C243AEFB200D89B3D /* SceneDelegate.swift in Sources */,
				6A748695243B5C5800D89B3D /* ToDoTableViewCell.swift in Sources */,
				6A820542243F0D9D0057780D /* ToDoCardInfo.swift in Sources */,
			);
			runOnlyForDeploymentPostprocessing = 0;
		};
		6A748678243AEFB300D89B3D /* Sources */ = {
			isa = PBXSourcesBuildPhase;
			buildActionMask = 2147483647;
			files = (
				6A748681243AEFB300D89B3D /* ToDoProjectTests.swift in Sources */,
			);
			runOnlyForDeploymentPostprocessing = 0;
		};
/* End PBXSourcesBuildPhase section */

/* Begin PBXTargetDependency section */
		6A74867E243AEFB300D89B3D /* PBXTargetDependency */ = {
			isa = PBXTargetDependency;
			target = 6A748665243AEFB200D89B3D /* ToDoProject */;
			targetProxy = 6A74867D243AEFB300D89B3D /* PBXContainerItemProxy */;
		};
/* End PBXTargetDependency section */

/* Begin PBXVariantGroup section */
		6A74866F243AEFB200D89B3D /* Main.storyboard */ = {
			isa = PBXVariantGroup;
			children = (
				6A748670243AEFB200D89B3D /* Base */,
			);
			name = Main.storyboard;
			sourceTree = "<group>";
		};
		6A748674243AEFB300D89B3D /* LaunchScreen.storyboard */ = {
			isa = PBXVariantGroup;
			children = (
				6A748675243AEFB300D89B3D /* Base */,
			);
			name = LaunchScreen.storyboard;
			sourceTree = "<group>";
		};
/* End PBXVariantGroup section */

/* Begin XCBuildConfiguration section */
		6A748683243AEFB300D89B3D /* Debug */ = {
			isa = XCBuildConfiguration;
			buildSettings = {
				ALWAYS_SEARCH_USER_PATHS = NO;
				CLANG_ANALYZER_NONNULL = YES;
				CLANG_ANALYZER_NUMBER_OBJECT_CONVERSION = YES_AGGRESSIVE;
				CLANG_CXX_LANGUAGE_STANDARD = "gnu++14";
				CLANG_CXX_LIBRARY = "libc++";
				CLANG_ENABLE_MODULES = YES;
				CLANG_ENABLE_OBJC_ARC = YES;
				CLANG_ENABLE_OBJC_WEAK = YES;
				CLANG_WARN_BLOCK_CAPTURE_AUTORELEASING = YES;
				CLANG_WARN_BOOL_CONVERSION = YES;
				CLANG_WARN_COMMA = YES;
				CLANG_WARN_CONSTANT_CONVERSION = YES;
				CLANG_WARN_DEPRECATED_OBJC_IMPLEMENTATIONS = YES;
				CLANG_WARN_DIRECT_OBJC_ISA_USAGE = YES_ERROR;
				CLANG_WARN_DOCUMENTATION_COMMENTS = YES;
				CLANG_WARN_EMPTY_BODY = YES;
				CLANG_WARN_ENUM_CONVERSION = YES;
				CLANG_WARN_INFINITE_RECURSION = YES;
				CLANG_WARN_INT_CONVERSION = YES;
				CLANG_WARN_NON_LITERAL_NULL_CONVERSION = YES;
				CLANG_WARN_OBJC_IMPLICIT_RETAIN_SELF = YES;
				CLANG_WARN_OBJC_LITERAL_CONVERSION = YES;
				CLANG_WARN_OBJC_ROOT_CLASS = YES_ERROR;
				CLANG_WARN_RANGE_LOOP_ANALYSIS = YES;
				CLANG_WARN_STRICT_PROTOTYPES = YES;
				CLANG_WARN_SUSPICIOUS_MOVE = YES;
				CLANG_WARN_UNGUARDED_AVAILABILITY = YES_AGGRESSIVE;
				CLANG_WARN_UNREACHABLE_CODE = YES;
				CLANG_WARN__DUPLICATE_METHOD_MATCH = YES;
				COPY_PHASE_STRIP = NO;
				DEBUG_INFORMATION_FORMAT = dwarf;
				ENABLE_STRICT_OBJC_MSGSEND = YES;
				ENABLE_TESTABILITY = YES;
				GCC_C_LANGUAGE_STANDARD = gnu11;
				GCC_DYNAMIC_NO_PIC = NO;
				GCC_NO_COMMON_BLOCKS = YES;
				GCC_OPTIMIZATION_LEVEL = 0;
				GCC_PREPROCESSOR_DEFINITIONS = (
					"DEBUG=1",
					"$(inherited)",
				);
				GCC_WARN_64_TO_32_BIT_CONVERSION = YES;
				GCC_WARN_ABOUT_RETURN_TYPE = YES_ERROR;
				GCC_WARN_UNDECLARED_SELECTOR = YES;
				GCC_WARN_UNINITIALIZED_AUTOS = YES_AGGRESSIVE;
				GCC_WARN_UNUSED_FUNCTION = YES;
				GCC_WARN_UNUSED_VARIABLE = YES;
				IPHONEOS_DEPLOYMENT_TARGET = 13.4;
				MTL_ENABLE_DEBUG_INFO = INCLUDE_SOURCE;
				MTL_FAST_MATH = YES;
				ONLY_ACTIVE_ARCH = YES;
				SDKROOT = iphoneos;
				SWIFT_ACTIVE_COMPILATION_CONDITIONS = DEBUG;
				SWIFT_OPTIMIZATION_LEVEL = "-Onone";
			};
			name = Debug;
		};
		6A748684243AEFB300D89B3D /* Release */ = {
			isa = XCBuildConfiguration;
			buildSettings = {
				ALWAYS_SEARCH_USER_PATHS = NO;
				CLANG_ANALYZER_NONNULL = YES;
				CLANG_ANALYZER_NUMBER_OBJECT_CONVERSION = YES_AGGRESSIVE;
				CLANG_CXX_LANGUAGE_STANDARD = "gnu++14";
				CLANG_CXX_LIBRARY = "libc++";
				CLANG_ENABLE_MODULES = YES;
				CLANG_ENABLE_OBJC_ARC = YES;
				CLANG_ENABLE_OBJC_WEAK = YES;
				CLANG_WARN_BLOCK_CAPTURE_AUTORELEASING = YES;
				CLANG_WARN_BOOL_CONVERSION = YES;
				CLANG_WARN_COMMA = YES;
				CLANG_WARN_CONSTANT_CONVERSION = YES;
				CLANG_WARN_DEPRECATED_OBJC_IMPLEMENTATIONS = YES;
				CLANG_WARN_DIRECT_OBJC_ISA_USAGE = YES_ERROR;
				CLANG_WARN_DOCUMENTATION_COMMENTS = YES;
				CLANG_WARN_EMPTY_BODY = YES;
				CLANG_WARN_ENUM_CONVERSION = YES;
				CLANG_WARN_INFINITE_RECURSION = YES;
				CLANG_WARN_INT_CONVERSION = YES;
				CLANG_WARN_NON_LITERAL_NULL_CONVERSION = YES;
				CLANG_WARN_OBJC_IMPLICIT_RETAIN_SELF = YES;
				CLANG_WARN_OBJC_LITERAL_CONVERSION = YES;
				CLANG_WARN_OBJC_ROOT_CLASS = YES_ERROR;
				CLANG_WARN_RANGE_LOOP_ANALYSIS = YES;
				CLANG_WARN_STRICT_PROTOTYPES = YES;
				CLANG_WARN_SUSPICIOUS_MOVE = YES;
				CLANG_WARN_UNGUARDED_AVAILABILITY = YES_AGGRESSIVE;
				CLANG_WARN_UNREACHABLE_CODE = YES;
				CLANG_WARN__DUPLICATE_METHOD_MATCH = YES;
				COPY_PHASE_STRIP = NO;
				DEBUG_INFORMATION_FORMAT = "dwarf-with-dsym";
				ENABLE_NS_ASSERTIONS = NO;
				ENABLE_STRICT_OBJC_MSGSEND = YES;
				GCC_C_LANGUAGE_STANDARD = gnu11;
				GCC_NO_COMMON_BLOCKS = YES;
				GCC_WARN_64_TO_32_BIT_CONVERSION = YES;
				GCC_WARN_ABOUT_RETURN_TYPE = YES_ERROR;
				GCC_WARN_UNDECLARED_SELECTOR = YES;
				GCC_WARN_UNINITIALIZED_AUTOS = YES_AGGRESSIVE;
				GCC_WARN_UNUSED_FUNCTION = YES;
				GCC_WARN_UNUSED_VARIABLE = YES;
				IPHONEOS_DEPLOYMENT_TARGET = 13.4;
				MTL_ENABLE_DEBUG_INFO = NO;
				MTL_FAST_MATH = YES;
				SDKROOT = iphoneos;
				SWIFT_COMPILATION_MODE = wholemodule;
				SWIFT_OPTIMIZATION_LEVEL = "-O";
				VALIDATE_PRODUCT = YES;
			};
			name = Release;
		};
		6A748686243AEFB300D89B3D /* Debug */ = {
			isa = XCBuildConfiguration;
			buildSettings = {
				ASSETCATALOG_COMPILER_APPICON_NAME = AppIcon;
				CODE_SIGN_STYLE = Automatic;
				DEVELOPMENT_TEAM = 93A6S4WHC4;
				INFOPLIST_FILE = ToDoProject/Info.plist;
				LD_RUNPATH_SEARCH_PATHS = (
					"$(inherited)",
					"@executable_path/Frameworks",
				);
				PRODUCT_BUNDLE_IDENTIFIER = "-.ToDoProject";
				PRODUCT_NAME = "$(TARGET_NAME)";
				SWIFT_VERSION = 5.0;
				TARGETED_DEVICE_FAMILY = "1,2";
			};
			name = Debug;
		};
		6A748687243AEFB300D89B3D /* Release */ = {
			isa = XCBuildConfiguration;
			buildSettings = {
				ASSETCATALOG_COMPILER_APPICON_NAME = AppIcon;
				CODE_SIGN_STYLE = Automatic;
				DEVELOPMENT_TEAM = 93A6S4WHC4;
				INFOPLIST_FILE = ToDoProject/Info.plist;
				LD_RUNPATH_SEARCH_PATHS = (
					"$(inherited)",
					"@executable_path/Frameworks",
				);
				PRODUCT_BUNDLE_IDENTIFIER = "-.ToDoProject";
				PRODUCT_NAME = "$(TARGET_NAME)";
				SWIFT_VERSION = 5.0;
				TARGETED_DEVICE_FAMILY = "1,2";
			};
			name = Release;
		};
		6A748689243AEFB300D89B3D /* Debug */ = {
			isa = XCBuildConfiguration;
			buildSettings = {
				ALWAYS_EMBED_SWIFT_STANDARD_LIBRARIES = YES;
				BUNDLE_LOADER = "$(TEST_HOST)";
				CODE_SIGN_STYLE = Automatic;
				DEVELOPMENT_TEAM = 93A6S4WHC4;
				INFOPLIST_FILE = ToDoProjectTests/Info.plist;
				IPHONEOS_DEPLOYMENT_TARGET = 13.4;
				LD_RUNPATH_SEARCH_PATHS = (
					"$(inherited)",
					"@executable_path/Frameworks",
					"@loader_path/Frameworks",
				);
				PRODUCT_BUNDLE_IDENTIFIER = "-.ToDoProjectTests";
				PRODUCT_NAME = "$(TARGET_NAME)";
				SWIFT_VERSION = 5.0;
				TARGETED_DEVICE_FAMILY = "1,2";
				TEST_HOST = "$(BUILT_PRODUCTS_DIR)/ToDoProject.app/ToDoProject";
			};
			name = Debug;
		};
		6A74868A243AEFB300D89B3D /* Release */ = {
			isa = XCBuildConfiguration;
			buildSettings = {
				ALWAYS_EMBED_SWIFT_STANDARD_LIBRARIES = YES;
				BUNDLE_LOADER = "$(TEST_HOST)";
				CODE_SIGN_STYLE = Automatic;
				DEVELOPMENT_TEAM = 93A6S4WHC4;
				INFOPLIST_FILE = ToDoProjectTests/Info.plist;
				IPHONEOS_DEPLOYMENT_TARGET = 13.4;
				LD_RUNPATH_SEARCH_PATHS = (
					"$(inherited)",
					"@executable_path/Frameworks",
					"@loader_path/Frameworks",
				);
				PRODUCT_BUNDLE_IDENTIFIER = "-.ToDoProjectTests";
				PRODUCT_NAME = "$(TARGET_NAME)";
				SWIFT_VERSION = 5.0;
				TARGETED_DEVICE_FAMILY = "1,2";
				TEST_HOST = "$(BUILT_PRODUCTS_DIR)/ToDoProject.app/ToDoProject";
			};
			name = Release;
		};
/* End XCBuildConfiguration section */

/* Begin XCConfigurationList section */
		6A748661243AEFB200D89B3D /* Build configuration list for PBXProject "ToDoProject" */ = {
			isa = XCConfigurationList;
			buildConfigurations = (
				6A748683243AEFB300D89B3D /* Debug */,
				6A748684243AEFB300D89B3D /* Release */,
			);
			defaultConfigurationIsVisible = 0;
			defaultConfigurationName = Release;
		};
		6A748685243AEFB300D89B3D /* Build configuration list for PBXNativeTarget "ToDoProject" */ = {
			isa = XCConfigurationList;
			buildConfigurations = (
				6A748686243AEFB300D89B3D /* Debug */,
				6A748687243AEFB300D89B3D /* Release */,
			);
			defaultConfigurationIsVisible = 0;
			defaultConfigurationName = Release;
		};
		6A748688243AEFB300D89B3D /* Build configuration list for PBXNativeTarget "ToDoProjectTests" */ = {
			isa = XCConfigurationList;
			buildConfigurations = (
				6A748689243AEFB300D89B3D /* Debug */,
				6A74868A243AEFB300D89B3D /* Release */,
			);
			defaultConfigurationIsVisible = 0;
			defaultConfigurationName = Release;
		};
/* End XCConfigurationList section */
	};
	rootObject = 6A74865E243AEFB200D89B3D /* Project object */;
}
